// !$*UTF8*$!
{
	archiveVersion = 1;
	classes = {
	};
	objectVersion = 55;
	objects = {

/* Begin PBXBuildFile section */
		A40CCD7C27D03EFC00183131 /* RecipeDetailView.swift in Sources */ = {isa = PBXBuildFile; fileRef = A40CCD7B27D03EFC00183131 /* RecipeDetailView.swift */; };
		A4940DD327CE686100C2091C /* My_Chef_SwiftUIApp.swift in Sources */ = {isa = PBXBuildFile; fileRef = A4940DD227CE686100C2091C /* My_Chef_SwiftUIApp.swift */; };
		A4940DD727CE686200C2091C /* Assets.xcassets in Resources */ = {isa = PBXBuildFile; fileRef = A4940DD627CE686200C2091C /* Assets.xcassets */; };
		A4940DDA27CE686200C2091C /* Preview Assets.xcassets in Resources */ = {isa = PBXBuildFile; fileRef = A4940DD927CE686200C2091C /* Preview Assets.xcassets */; };
		A4940DE127CE68B400C2091C /* GoogleService-Info.plist in Resources */ = {isa = PBXBuildFile; fileRef = A4940DE027CE68B400C2091C /* GoogleService-Info.plist */; };
		A4940DE427CE68FE00C2091C /* FirebaseAnalytics in Frameworks */ = {isa = PBXBuildFile; productRef = A4940DE327CE68FE00C2091C /* FirebaseAnalytics */; };
		A4940DE627CE68FE00C2091C /* FirebaseAppCheck in Frameworks */ = {isa = PBXBuildFile; productRef = A4940DE527CE68FE00C2091C /* FirebaseAppCheck */; };
		A4940DE827CE68FE00C2091C /* FirebaseAuth in Frameworks */ = {isa = PBXBuildFile; productRef = A4940DE727CE68FE00C2091C /* FirebaseAuth */; };
		A4940DEA27CE68FE00C2091C /* FirebaseDatabase in Frameworks */ = {isa = PBXBuildFile; productRef = A4940DE927CE68FE00C2091C /* FirebaseDatabase */; };
		A4940DEC27CE68FE00C2091C /* FirebaseFirestore in Frameworks */ = {isa = PBXBuildFile; productRef = A4940DEB27CE68FE00C2091C /* FirebaseFirestore */; };
		A4940DEE27CE68FE00C2091C /* FirebaseMessaging in Frameworks */ = {isa = PBXBuildFile; productRef = A4940DED27CE68FE00C2091C /* FirebaseMessaging */; };
		A4940DF027CE68FE00C2091C /* FirebaseStorage in Frameworks */ = {isa = PBXBuildFile; productRef = A4940DEF27CE68FE00C2091C /* FirebaseStorage */; };
		A4940DF727CE6CBB00C2091C /* Models.swift in Sources */ = {isa = PBXBuildFile; fileRef = A4940DF527CE6CBB00C2091C /* Models.swift */; };
		A4940DFE27CE6CCC00C2091C /* RecipesView.swift in Sources */ = {isa = PBXBuildFile; fileRef = A4940DFA27CE6CCB00C2091C /* RecipesView.swift */; };
		A4940DFF27CE6CCC00C2091C /* ContentView.swift in Sources */ = {isa = PBXBuildFile; fileRef = A4940DFB27CE6CCB00C2091C /* ContentView.swift */; };
		A4940E0127CE6CEB00C2091C /* PlansView.swift in Sources */ = {isa = PBXBuildFile; fileRef = A4940E0027CE6CEB00C2091C /* PlansView.swift */; };
		A4940E0327CF0A0B00C2091C /* GroceryListView.swift in Sources */ = {isa = PBXBuildFile; fileRef = A4940E0227CF0A0B00C2091C /* GroceryListView.swift */; };
		A4940E0527CF124E00C2091C /* FridgeView.swift in Sources */ = {isa = PBXBuildFile; fileRef = A4940E0427CF124E00C2091C /* FridgeView.swift */; };
		A4D5DD8D27D8E69200B25DB4 /* ModelData.swift in Sources */ = {isa = PBXBuildFile; fileRef = A4D5DD8C27D8E69200B25DB4 /* ModelData.swift */; };
		A4D5DD9127D8E93C00B25DB4 /* Ingredients.json in Resources */ = {isa = PBXBuildFile; fileRef = A4D5DD9027D8E93C00B25DB4 /* Ingredients.json */; };
/* End PBXBuildFile section */

/* Begin PBXFileReference section */
		A40CCD7B27D03EFC00183131 /* RecipeDetailView.swift */ = {isa = PBXFileReference; lastKnownFileType = sourcecode.swift; path = RecipeDetailView.swift; sourceTree = "<group>"; };
		A4940DCF27CE686100C2091C /* My Chef-SwiftUI.app */ = {isa = PBXFileReference; explicitFileType = wrapper.application; includeInIndex = 0; path = "My Chef-SwiftUI.app"; sourceTree = BUILT_PRODUCTS_DIR; };
		A4940DD227CE686100C2091C /* My_Chef_SwiftUIApp.swift */ = {isa = PBXFileReference; lastKnownFileType = sourcecode.swift; path = My_Chef_SwiftUIApp.swift; sourceTree = "<group>"; };
		A4940DD627CE686200C2091C /* Assets.xcassets */ = {isa = PBXFileReference; lastKnownFileType = folder.assetcatalog; path = Assets.xcassets; sourceTree = "<group>"; };
		A4940DD927CE686200C2091C /* Preview Assets.xcassets */ = {isa = PBXFileReference; lastKnownFileType = folder.assetcatalog; path = "Preview Assets.xcassets"; sourceTree = "<group>"; };
		A4940DE027CE68B400C2091C /* GoogleService-Info.plist */ = {isa = PBXFileReference; fileEncoding = 4; lastKnownFileType = text.plist.xml; path = "GoogleService-Info.plist"; sourceTree = "<group>"; };
		A4940DF527CE6CBB00C2091C /* Models.swift */ = {isa = PBXFileReference; fileEncoding = 4; lastKnownFileType = sourcecode.swift; path = Models.swift; sourceTree = "<group>"; };
		A4940DFA27CE6CCB00C2091C /* RecipesView.swift */ = {isa = PBXFileReference; fileEncoding = 4; lastKnownFileType = sourcecode.swift; path = RecipesView.swift; sourceTree = "<group>"; };
		A4940DFB27CE6CCB00C2091C /* ContentView.swift */ = {isa = PBXFileReference; fileEncoding = 4; lastKnownFileType = sourcecode.swift; name = ContentView.swift; path = "../../../mpcs51030-2022-winter-assignment-7-zachhuang4026/GitHub Issues/GitHub Issues/ContentView.swift"; sourceTree = "<group>"; };
		A4940E0027CE6CEB00C2091C /* PlansView.swift */ = {isa = PBXFileReference; fileEncoding = 4; lastKnownFileType = sourcecode.swift; path = PlansView.swift; sourceTree = "<group>"; };
		A4940E0227CF0A0B00C2091C /* GroceryListView.swift */ = {isa = PBXFileReference; lastKnownFileType = sourcecode.swift; path = GroceryListView.swift; sourceTree = "<group>"; };
		A4940E0427CF124E00C2091C /* FridgeView.swift */ = {isa = PBXFileReference; lastKnownFileType = sourcecode.swift; path = FridgeView.swift; sourceTree = "<group>"; };
		A4D5DD8C27D8E69200B25DB4 /* ModelData.swift */ = {isa = PBXFileReference; lastKnownFileType = sourcecode.swift; path = ModelData.swift; sourceTree = "<group>"; };
		A4D5DD9027D8E93C00B25DB4 /* Ingredients.json */ = {isa = PBXFileReference; fileEncoding = 4; lastKnownFileType = text.json; path = Ingredients.json; sourceTree = "<group>"; };
/* End PBXFileReference section */

/* Begin PBXFrameworksBuildPhase section */
		A4940DCC27CE686100C2091C /* Frameworks */ = {
			isa = PBXFrameworksBuildPhase;
			buildActionMask = 2147483647;
			files = (
				A4940DEE27CE68FE00C2091C /* FirebaseMessaging in Frameworks */,
				A4940DE627CE68FE00C2091C /* FirebaseAppCheck in Frameworks */,
				A4940DE827CE68FE00C2091C /* FirebaseAuth in Frameworks */,
				A4940DEA27CE68FE00C2091C /* FirebaseDatabase in Frameworks */,
				A4940DF027CE68FE00C2091C /* FirebaseStorage in Frameworks */,
				A4940DEC27CE68FE00C2091C /* FirebaseFirestore in Frameworks */,
				A4940DE427CE68FE00C2091C /* FirebaseAnalytics in Frameworks */,
			);
			runOnlyForDeploymentPostprocessing = 0;
		};
/* End PBXFrameworksBuildPhase section */

/* Begin PBXGroup section */
		A4940DC627CE686100C2091C = {
			isa = PBXGroup;
			children = (
				A4940DD127CE686100C2091C /* My Chef-SwiftUI */,
				A4940DD027CE686100C2091C /* Products */,
			);
			sourceTree = "<group>";
		};
		A4940DD027CE686100C2091C /* Products */ = {
			isa = PBXGroup;
			children = (
				A4940DCF27CE686100C2091C /* My Chef-SwiftUI.app */,
			);
			name = Products;
			sourceTree = "<group>";
		};
		A4940DD127CE686100C2091C /* My Chef-SwiftUI */ = {
			isa = PBXGroup;
			children = (
				A4940DD227CE686100C2091C /* My_Chef_SwiftUIApp.swift */,
				A4940E0027CE6CEB00C2091C /* PlansView.swift */,
				A4940E0427CF124E00C2091C /* FridgeView.swift */,
				A4940E0227CF0A0B00C2091C /* GroceryListView.swift */,
				A4940DFA27CE6CCB00C2091C /* RecipesView.swift */,
				A40CCD7B27D03EFC00183131 /* RecipeDetailView.swift */,
				A4940DFB27CE6CCB00C2091C /* ContentView.swift */,
				A4940DD627CE686200C2091C /* Assets.xcassets */,
				A4D5DD8927D8E61400B25DB4 /* DataBase */,
				A4940DF327CE6C8E00C2091C /* Model */,
				A4940DE027CE68B400C2091C /* GoogleService-Info.plist */,
				A4940DD827CE686200C2091C /* Preview Content */,
			);
			path = "My Chef-SwiftUI";
			sourceTree = "<group>";
		};
		A4940DD827CE686200C2091C /* Preview Content */ = {
			isa = PBXGroup;
			children = (
				A4940DD927CE686200C2091C /* Preview Assets.xcassets */,
			);
			path = "Preview Content";
			sourceTree = "<group>";
		};
		A4940DF327CE6C8E00C2091C /* Model */ = {
			isa = PBXGroup;
			children = (
				A4940DF527CE6CBB00C2091C /* Models.swift */,
				A4D5DD8C27D8E69200B25DB4 /* ModelData.swift */,
			);
			path = Model;
			sourceTree = "<group>";
		};
		A4D5DD8927D8E61400B25DB4 /* DataBase */ = {
			isa = PBXGroup;
			children = (
				A4D5DD9027D8E93C00B25DB4 /* Ingredients.json */,
			);
			path = DataBase;
			sourceTree = "<group>";
		};
/* End PBXGroup section */

/* Begin PBXNativeTarget section */
		A4940DCE27CE686100C2091C /* My Chef-SwiftUI */ = {
			isa = PBXNativeTarget;
			buildConfigurationList = A4940DDD27CE686200C2091C /* Build configuration list for PBXNativeTarget "My Chef-SwiftUI" */;
			buildPhases = (
				A4940DCB27CE686100C2091C /* Sources */,
				A4940DCC27CE686100C2091C /* Frameworks */,
				A4940DCD27CE686100C2091C /* Resources */,
			);
			buildRules = (
			);
			dependencies = (
			);
			name = "My Chef-SwiftUI";
			packageProductDependencies = (
				A4940DE327CE68FE00C2091C /* FirebaseAnalytics */,
				A4940DE527CE68FE00C2091C /* FirebaseAppCheck */,
				A4940DE727CE68FE00C2091C /* FirebaseAuth */,
				A4940DE927CE68FE00C2091C /* FirebaseDatabase */,
				A4940DEB27CE68FE00C2091C /* FirebaseFirestore */,
				A4940DED27CE68FE00C2091C /* FirebaseMessaging */,
				A4940DEF27CE68FE00C2091C /* FirebaseStorage */,
			);
			productName = "My Chef-SwiftUI";
			productReference = A4940DCF27CE686100C2091C /* My Chef-SwiftUI.app */;
			productType = "com.apple.product-type.application";
		};
/* End PBXNativeTarget section */

/* Begin PBXProject section */
		A4940DC727CE686100C2091C /* Project object */ = {
			isa = PBXProject;
			attributes = {
				BuildIndependentTargetsInParallel = 1;
				LastSwiftUpdateCheck = 1320;
				LastUpgradeCheck = 1320;
				TargetAttributes = {
					A4940DCE27CE686100C2091C = {
						CreatedOnToolsVersion = 13.2.1;
					};
				};
			};
			buildConfigurationList = A4940DCA27CE686100C2091C /* Build configuration list for PBXProject "My Chef-SwiftUI" */;
			compatibilityVersion = "Xcode 13.0";
			developmentRegion = en;
			hasScannedForEncodings = 0;
			knownRegions = (
				en,
				Base,
			);
			mainGroup = A4940DC627CE686100C2091C;
			packageReferences = (
				A4940DE227CE68FE00C2091C /* XCRemoteSwiftPackageReference "firebase-ios-sdk" */,
			);
			productRefGroup = A4940DD027CE686100C2091C /* Products */;
			projectDirPath = "";
			projectRoot = "";
			targets = (
				A4940DCE27CE686100C2091C /* My Chef-SwiftUI */,
			);
		};
/* End PBXProject section */

/* Begin PBXResourcesBuildPhase section */
		A4940DCD27CE686100C2091C /* Resources */ = {
			isa = PBXResourcesBuildPhase;
			buildActionMask = 2147483647;
			files = (
				A4D5DD9127D8E93C00B25DB4 /* Ingredients.json in Resources */,
				A4940DDA27CE686200C2091C /* Preview Assets.xcassets in Resources */,
				A4940DD727CE686200C2091C /* Assets.xcassets in Resources */,
				A4940DE127CE68B400C2091C /* GoogleService-Info.plist in Resources */,
			);
			runOnlyForDeploymentPostprocessing = 0;
		};
/* End PBXResourcesBuildPhase section */

/* Begin PBXSourcesBuildPhase section */
		A4940DCB27CE686100C2091C /* Sources */ = {
			isa = PBXSourcesBuildPhase;
			buildActionMask = 2147483647;
			files = (
				A4940E0127CE6CEB00C2091C /* PlansView.swift in Sources */,
				A4940DFF27CE6CCC00C2091C /* ContentView.swift in Sources */,
				A4D5DD8D27D8E69200B25DB4 /* ModelData.swift in Sources */,
				A4940E0327CF0A0B00C2091C /* GroceryListView.swift in Sources */,
				A4940DD327CE686100C2091C /* My_Chef_SwiftUIApp.swift in Sources */,
				A4940DFE27CE6CCC00C2091C /* RecipesView.swift in Sources */,
				A4940E0527CF124E00C2091C /* FridgeView.swift in Sources */,
				A4940DF727CE6CBB00C2091C /* Models.swift in Sources */,
				A40CCD7C27D03EFC00183131 /* RecipeDetailView.swift in Sources */,
			);
			runOnlyForDeploymentPostprocessing = 0;
		};
/* End PBXSourcesBuildPhase section */

/* Begin XCBuildConfiguration section */
		A4940DDB27CE686200C2091C /* Debug */ = {
			isa = XCBuildConfiguration;
			buildSettings = {
				ALWAYS_SEARCH_USER_PATHS = NO;
				CLANG_ANALYZER_NONNULL = YES;
				CLANG_ANALYZER_NUMBER_OBJECT_CONVERSION = YES_AGGRESSIVE;
				CLANG_CXX_LANGUAGE_STANDARD = "gnu++17";
				CLANG_CXX_LIBRARY = "libc++";
				CLANG_ENABLE_MODULES = YES;
				CLANG_ENABLE_OBJC_ARC = YES;
				CLANG_ENABLE_OBJC_WEAK = YES;
				CLANG_WARN_BLOCK_CAPTURE_AUTORELEASING = YES;
				CLANG_WARN_BOOL_CONVERSION = YES;
				CLANG_WARN_COMMA = YES;
				CLANG_WARN_CONSTANT_CONVERSION = YES;
				CLANG_WARN_DEPRECATED_OBJC_IMPLEMENTATIONS = YES;
				CLANG_WARN_DIRECT_OBJC_ISA_USAGE = YES_ERROR;
				CLANG_WARN_DOCUMENTATION_COMMENTS = YES;
				CLANG_WARN_EMPTY_BODY = YES;
				CLANG_WARN_ENUM_CONVERSION = YES;
				CLANG_WARN_INFINITE_RECURSION = YES;
				CLANG_WARN_INT_CONVERSION = YES;
				CLANG_WARN_NON_LITERAL_NULL_CONVERSION = YES;
				CLANG_WARN_OBJC_IMPLICIT_RETAIN_SELF = YES;
				CLANG_WARN_OBJC_LITERAL_CONVERSION = YES;
				CLANG_WARN_OBJC_ROOT_CLASS = YES_ERROR;
				CLANG_WARN_QUOTED_INCLUDE_IN_FRAMEWORK_HEADER = YES;
				CLANG_WARN_RANGE_LOOP_ANALYSIS = YES;
				CLANG_WARN_STRICT_PROTOTYPES = YES;
				CLANG_WARN_SUSPICIOUS_MOVE = YES;
				CLANG_WARN_UNGUARDED_AVAILABILITY = YES_AGGRESSIVE;
				CLANG_WARN_UNREACHABLE_CODE = YES;
				CLANG_WARN__DUPLICATE_METHOD_MATCH = YES;
				COPY_PHASE_STRIP = NO;
				DEBUG_INFORMATION_FORMAT = dwarf;
				ENABLE_STRICT_OBJC_MSGSEND = YES;
				ENABLE_TESTABILITY = YES;
				GCC_C_LANGUAGE_STANDARD = gnu11;
				GCC_DYNAMIC_NO_PIC = NO;
				GCC_NO_COMMON_BLOCKS = YES;
				GCC_OPTIMIZATION_LEVEL = 0;
				GCC_PREPROCESSOR_DEFINITIONS = (
					"DEBUG=1",
					"$(inherited)",
				);
				GCC_WARN_64_TO_32_BIT_CONVERSION = YES;
				GCC_WARN_ABOUT_RETURN_TYPE = YES_ERROR;
				GCC_WARN_UNDECLARED_SELECTOR = YES;
				GCC_WARN_UNINITIALIZED_AUTOS = YES_AGGRESSIVE;
				GCC_WARN_UNUSED_FUNCTION = YES;
				GCC_WARN_UNUSED_VARIABLE = YES;
				IPHONEOS_DEPLOYMENT_TARGET = 15.2;
				MTL_ENABLE_DEBUG_INFO = INCLUDE_SOURCE;
				MTL_FAST_MATH = YES;
				ONLY_ACTIVE_ARCH = YES;
				SDKROOT = iphoneos;
				SWIFT_ACTIVE_COMPILATION_CONDITIONS = DEBUG;
				SWIFT_OPTIMIZATION_LEVEL = "-Onone";
			};
			name = Debug;
		};
		A4940DDC27CE686200C2091C /* Release */ = {
			isa = XCBuildConfiguration;
			buildSettings = {
				ALWAYS_SEARCH_USER_PATHS = NO;
				CLANG_ANALYZER_NONNULL = YES;
				CLANG_ANALYZER_NUMBER_OBJECT_CONVERSION = YES_AGGRESSIVE;
				CLANG_CXX_LANGUAGE_STANDARD = "gnu++17";
				CLANG_CXX_LIBRARY = "libc++";
				CLANG_ENABLE_MODULES = YES;
				CLANG_ENABLE_OBJC_ARC = YES;
				CLANG_ENABLE_OBJC_WEAK = YES;
				CLANG_WARN_BLOCK_CAPTURE_AUTORELEASING = YES;
				CLANG_WARN_BOOL_CONVERSION = YES;
				CLANG_WARN_COMMA = YES;
				CLANG_WARN_CONSTANT_CONVERSION = YES;
				CLANG_WARN_DEPRECATED_OBJC_IMPLEMENTATIONS = YES;
				CLANG_WARN_DIRECT_OBJC_ISA_USAGE = YES_ERROR;
				CLANG_WARN_DOCUMENTATION_COMMENTS = YES;
				CLANG_WARN_EMPTY_BODY = YES;
				CLANG_WARN_ENUM_CONVERSION = YES;
				CLANG_WARN_INFINITE_RECURSION = YES;
				CLANG_WARN_INT_CONVERSION = YES;
				CLANG_WARN_NON_LITERAL_NULL_CONVERSION = YES;
				CLANG_WARN_OBJC_IMPLICIT_RETAIN_SELF = YES;
				CLANG_WARN_OBJC_LITERAL_CONVERSION = YES;
				CLANG_WARN_OBJC_ROOT_CLASS = YES_ERROR;
				CLANG_WARN_QUOTED_INCLUDE_IN_FRAMEWORK_HEADER = YES;
				CLANG_WARN_RANGE_LOOP_ANALYSIS = YES;
				CLANG_WARN_STRICT_PROTOTYPES = YES;
				CLANG_WARN_SUSPICIOUS_MOVE = YES;
				CLANG_WARN_UNGUARDED_AVAILABILITY = YES_AGGRESSIVE;
				CLANG_WARN_UNREACHABLE_CODE = YES;
				CLANG_WARN__DUPLICATE_METHOD_MATCH = YES;
				COPY_PHASE_STRIP = NO;
				DEBUG_INFORMATION_FORMAT = "dwarf-with-dsym";
				ENABLE_NS_ASSERTIONS = NO;
				ENABLE_STRICT_OBJC_MSGSEND = YES;
				GCC_C_LANGUAGE_STANDARD = gnu11;
				GCC_NO_COMMON_BLOCKS = YES;
				GCC_WARN_64_TO_32_BIT_CONVERSION = YES;
				GCC_WARN_ABOUT_RETURN_TYPE = YES_ERROR;
				GCC_WARN_UNDECLARED_SELECTOR = YES;
				GCC_WARN_UNINITIALIZED_AUTOS = YES_AGGRESSIVE;
				GCC_WARN_UNUSED_FUNCTION = YES;
				GCC_WARN_UNUSED_VARIABLE = YES;
				IPHONEOS_DEPLOYMENT_TARGET = 15.2;
				MTL_ENABLE_DEBUG_INFO = NO;
				MTL_FAST_MATH = YES;
				SDKROOT = iphoneos;
				SWIFT_COMPILATION_MODE = wholemodule;
				SWIFT_OPTIMIZATION_LEVEL = "-O";
				VALIDATE_PRODUCT = YES;
			};
			name = Release;
		};
		A4940DDE27CE686200C2091C /* Debug */ = {
			isa = XCBuildConfiguration;
			buildSettings = {
				ASSETCATALOG_COMPILER_APPICON_NAME = AppIcon;
				ASSETCATALOG_COMPILER_GLOBAL_ACCENT_COLOR_NAME = AccentColor;
				CODE_SIGN_STYLE = Automatic;
				CURRENT_PROJECT_VERSION = 1;
				DEVELOPMENT_ASSET_PATHS = "\"My Chef-SwiftUI/Preview Content\"";
				DEVELOPMENT_TEAM = K49NFTATB3;
				ENABLE_PREVIEWS = YES;
				GENERATE_INFOPLIST_FILE = YES;
				INFOPLIST_KEY_UIApplicationSceneManifest_Generation = YES;
				INFOPLIST_KEY_UIApplicationSupportsIndirectInputEvents = YES;
				INFOPLIST_KEY_UILaunchScreen_Generation = YES;
				INFOPLIST_KEY_UISupportedInterfaceOrientations_iPad = "UIInterfaceOrientationPortrait UIInterfaceOrientationPortraitUpsideDown UIInterfaceOrientationLandscapeLeft UIInterfaceOrientationLandscapeRight";
				INFOPLIST_KEY_UISupportedInterfaceOrientations_iPhone = "UIInterfaceOrientationPortrait UIInterfaceOrientationLandscapeLeft UIInterfaceOrientationLandscapeRight";
				LD_RUNPATH_SEARCH_PATHS = (
					"$(inherited)",
					"@executable_path/Frameworks",
				);
				MARKETING_VERSION = 1.0;
				PRODUCT_BUNDLE_IDENTIFIER = "zhuchicago.My-Chef-SwiftUI";
				PRODUCT_NAME = "$(TARGET_NAME)";
				SWIFT_EMIT_LOC_STRINGS = YES;
				SWIFT_VERSION = 5.0;
				TARGETED_DEVICE_FAMILY = "1,2";
			};
			name = Debug;
		};
		A4940DDF27CE686200C2091C /* Release */ = {
			isa = XCBuildConfiguration;
			buildSettings = {
				ASSETCATALOG_COMPILER_APPICON_NAME = AppIcon;
				ASSETCATALOG_COMPILER_GLOBAL_ACCENT_COLOR_NAME = AccentColor;
				CODE_SIGN_STYLE = Automatic;
				CURRENT_PROJECT_VERSION = 1;
				DEVELOPMENT_ASSET_PATHS = "\"My Chef-SwiftUI/Preview Content\"";
				DEVELOPMENT_TEAM = K49NFTATB3;
				ENABLE_PREVIEWS = YES;
				GENERATE_INFOPLIST_FILE = YES;
				INFOPLIST_KEY_UIApplicationSceneManifest_Generation = YES;
				INFOPLIST_KEY_UIApplicationSupportsIndirectInputEvents = YES;
				INFOPLIST_KEY_UILaunchScreen_Generation = YES;
				INFOPLIST_KEY_UISupportedInterfaceOrientations_iPad = "UIInterfaceOrientationPortrait UIInterfaceOrientationPortraitUpsideDown UIInterfaceOrientationLandscapeLeft UIInterfaceOrientationLandscapeRight";
				INFOPLIST_KEY_UISupportedInterfaceOrientations_iPhone = "UIInterfaceOrientationPortrait UIInterfaceOrientationLandscapeLeft UIInterfaceOrientationLandscapeRight";
				LD_RUNPATH_SEARCH_PATHS = (
					"$(inherited)",
					"@executable_path/Frameworks",
				);
				MARKETING_VERSION = 1.0;
				PRODUCT_BUNDLE_IDENTIFIER = "zhuchicago.My-Chef-SwiftUI";
				PRODUCT_NAME = "$(TARGET_NAME)";
				SWIFT_EMIT_LOC_STRINGS = YES;
				SWIFT_VERSION = 5.0;
				TARGETED_DEVICE_FAMILY = "1,2";
			};
			name = Release;
		};
/* End XCBuildConfiguration section */

/* Begin XCConfigurationList section */
		A4940DCA27CE686100C2091C /* Build configuration list for PBXProject "My Chef-SwiftUI" */ = {
			isa = XCConfigurationList;
			buildConfigurations = (
				A4940DDB27CE686200C2091C /* Debug */,
				A4940DDC27CE686200C2091C /* Release */,
			);
			defaultConfigurationIsVisible = 0;
			defaultConfigurationName = Release;
		};
		A4940DDD27CE686200C2091C /* Build configuration list for PBXNativeTarget "My Chef-SwiftUI" */ = {
			isa = XCConfigurationList;
			buildConfigurations = (
				A4940DDE27CE686200C2091C /* Debug */,
				A4940DDF27CE686200C2091C /* Release */,
			);
			defaultConfigurationIsVisible = 0;
			defaultConfigurationName = Release;
		};
/* End XCConfigurationList section */

/* Begin XCRemoteSwiftPackageReference section */
		A4940DE227CE68FE00C2091C /* XCRemoteSwiftPackageReference "firebase-ios-sdk" */ = {
			isa = XCRemoteSwiftPackageReference;
			repositoryURL = "https://github.com/firebase/firebase-ios-sdk";
			requirement = {
				branch = master;
				kind = branch;
			};
		};
/* End XCRemoteSwiftPackageReference section */

/* Begin XCSwiftPackageProductDependency section */
		A4940DE327CE68FE00C2091C /* FirebaseAnalytics */ = {
			isa = XCSwiftPackageProductDependency;
			package = A4940DE227CE68FE00C2091C /* XCRemoteSwiftPackageReference "firebase-ios-sdk" */;
			productName = FirebaseAnalytics;
		};
		A4940DE527CE68FE00C2091C /* FirebaseAppCheck */ = {
			isa = XCSwiftPackageProductDependency;
			package = A4940DE227CE68FE00C2091C /* XCRemoteSwiftPackageReference "firebase-ios-sdk" */;
			productName = FirebaseAppCheck;
		};
		A4940DE727CE68FE00C2091C /* FirebaseAuth */ = {
			isa = XCSwiftPackageProductDependency;
			package = A4940DE227CE68FE00C2091C /* XCRemoteSwiftPackageReference "firebase-ios-sdk" */;
			productName = FirebaseAuth;
		};
		A4940DE927CE68FE00C2091C /* FirebaseDatabase */ = {
			isa = XCSwiftPackageProductDependency;
			package = A4940DE227CE68FE00C2091C /* XCRemoteSwiftPackageReference "firebase-ios-sdk" */;
			productName = FirebaseDatabase;
		};
		A4940DEB27CE68FE00C2091C /* FirebaseFirestore */ = {
			isa = XCSwiftPackageProductDependency;
			package = A4940DE227CE68FE00C2091C /* XCRemoteSwiftPackageReference "firebase-ios-sdk" */;
			productName = FirebaseFirestore;
		};
		A4940DED27CE68FE00C2091C /* FirebaseMessaging */ = {
			isa = XCSwiftPackageProductDependency;
			package = A4940DE227CE68FE00C2091C /* XCRemoteSwiftPackageReference "firebase-ios-sdk" */;
			productName = FirebaseMessaging;
		};
		A4940DEF27CE68FE00C2091C /* FirebaseStorage */ = {
			isa = XCSwiftPackageProductDependency;
			package = A4940DE227CE68FE00C2091C /* XCRemoteSwiftPackageReference "firebase-ios-sdk" */;
			productName = FirebaseStorage;
		};
/* End XCSwiftPackageProductDependency section */
	};
	rootObject = A4940DC727CE686100C2091C /* Project object */;
}
